
Microsoft Visual Studio Solution File, Format Version 12.00
# Visual Studio Version 17
VisualStudioVersion = 17.0.32112.339
MinimumVisualStudioVersion = 10.0.40219.1
Project("{FAE04EC0-301F-11D3-BF4B-00C04F79EFBC}") = "WebProjectManager.API", "WebProjectManager.API\WebProjectManager.API.csproj", "{CB08E087-089F-48E3-B92B-4B9711E20819}"
EndProject
Project("{FAE04EC0-301F-11D3-BF4B-00C04F79EFBC}") = "WebProjectManager.Models", "WebProjectManager.Models\WebProjectManager.Models.csproj", "{7B4DDCB3-C165-49C6-B32E-C54DEE33CFA9}"
EndProject
Project("{FAE04EC0-301F-11D3-BF4B-00C04F79EFBC}") = "WebProjectManager.Common", "WebProjectManager.Common\WebProjectManager.Common.csproj", "{1861D9B5-488E-4F99-838D-802CAB75FA38}"
EndProject
Global
	GlobalSection(SolutionConfigurationPlatforms) = preSolution
		Debug|Any CPU = Debug|Any CPU
		Release|Any CPU = Release|Any CPU
	EndGlobalSection
	GlobalSection(ProjectConfigurationPlatforms) = postSolution
		{CB08E087-089F-48E3-B92B-4B9711E20819}.Debug|Any CPU.ActiveCfg = Debug|Any CPU
		{CB08E087-089F-48E3-B92B-4B9711E20819}.Debug|Any CPU.Build.0 = Debug|Any CPU
		{CB08E087-089F-48E3-B92B-4B9711E20819}.Release|Any CPU.ActiveCfg = Release|Any CPU
		{CB08E087-089F-48E3-B92B-4B9711E20819}.Release|Any CPU.Build.0 = Release|Any CPU
		{7B4DDCB3-C165-49C6-B32E-C54DEE33CFA9}.Debug|Any CPU.ActiveCfg = Debug|Any CPU
		{7B4DDCB3-C165-49C6-B32E-C54DEE33CFA9}.Debug|Any CPU.Build.0 = Debug|Any CPU
		{7B4DDCB3-C165-49C6-B32E-C54DEE33CFA9}.Release|Any CPU.ActiveCfg = Release|Any CPU
		{7B4DDCB3-C165-49C6-B32E-C54DEE33CFA9}.Release|Any CPU.Build.0 = Release|Any CPU
		{1861D9B5-488E-4F99-838D-802CAB75FA38}.Debug|Any CPU.ActiveCfg = Debug|Any CPU
		{1861D9B5-488E-4F99-838D-802CAB75FA38}.Debug|Any CPU.Build.0 = Debug|Any CPU
		{1861D9B5-488E-4F99-838D-802CAB75FA38}.Release|Any CPU.ActiveCfg = Release|Any CPU
		{1861D9B5-488E-4F99-838D-802CAB75FA38}.Release|Any CPU.Build.0 = Release|Any CPU
	EndGlobalSection
	GlobalSection(SolutionProperties) = preSolution
		HideSolutionNode = FALSE
	EndGlobalSection
	GlobalSection(ExtensibilityGlobals) = postSolution
		SolutionGuid = {A88D0DB8-F30F-4F22-A13E-3BFF44EB867D}
	EndGlobalSection
EndGlobal
